
Microsoft Visual Studio Solution File, Format Version 12.00
# Visual Studio 15
Project("{FAE04EC0-301F-11D3-BF4B-00C04F79EFBC}") = "UnityPSBlendingPostProcessing", "UnityPSBlendingPostProcessing.csproj", "{BF0A95FB-B1CB-7254-9579-CAC43BDB0719}"
EndProject
Project("{FAE04EC0-301F-11D3-BF4B-00C04F79EFBC}") = "UnityPSBlendingPostProcessing.Editor", "UnityPSBlendingPostProcessing.Editor.csproj", "{3F446AD5-91B0-EC91-5E55-5AEA12E6CFF1}"
EndProject
Global
	GlobalSection(SolutionConfigurationPlatforms) = preSolution
		Debug|Any CPU = Debug|Any CPU
		Release|Any CPU = Release|Any CPU
	EndGlobalSection
	GlobalSection(ProjectConfigurationPlatforms) = postSolution
		{BF0A95FB-B1CB-7254-9579-CAC43BDB0719}.Debug|Any CPU.ActiveCfg = Debug|Any CPU
		{BF0A95FB-B1CB-7254-9579-CAC43BDB0719}.Debug|Any CPU.Build.0 = Debug|Any CPU
		{BF0A95FB-B1CB-7254-9579-CAC43BDB0719}.Release|Any CPU.ActiveCfg = Release|Any CPU
		{BF0A95FB-B1CB-7254-9579-CAC43BDB0719}.Release|Any CPU.Build.0 = Release|Any CPU
		{3F446AD5-91B0-EC91-5E55-5AEA12E6CFF1}.Debug|Any CPU.ActiveCfg = Debug|Any CPU
		{3F446AD5-91B0-EC91-5E55-5AEA12E6CFF1}.Debug|Any CPU.Build.0 = Debug|Any CPU
		{3F446AD5-91B0-EC91-5E55-5AEA12E6CFF1}.Release|Any CPU.ActiveCfg = Release|Any CPU
		{3F446AD5-91B0-EC91-5E55-5AEA12E6CFF1}.Release|Any CPU.Build.0 = Release|Any CPU
	EndGlobalSection
	GlobalSection(SolutionProperties) = preSolution
		HideSolutionNode = FALSE
	EndGlobalSection
EndGlobal
